<<<<<<< HEAD
﻿
Microsoft Visual Studio Solution File, Format Version 12.00
# Visual Studio 2013
VisualStudioVersion = 12.0.21005.1
MinimumVisualStudioVersion = 10.0.40219.1
Project("{F184B08F-C81C-45F6-A57F-5ABD9991F28F}") = "Semana02", "Semana02\Semana02.vbproj", "{8A39126D-84D4-4C12-B561-0EB1551B1F2A}"
EndProject
Global
	GlobalSection(SolutionConfigurationPlatforms) = preSolution
		Debug|Any CPU = Debug|Any CPU
		Release|Any CPU = Release|Any CPU
	EndGlobalSection
	GlobalSection(ProjectConfigurationPlatforms) = postSolution
		{8A39126D-84D4-4C12-B561-0EB1551B1F2A}.Debug|Any CPU.ActiveCfg = Debug|Any CPU
		{8A39126D-84D4-4C12-B561-0EB1551B1F2A}.Debug|Any CPU.Build.0 = Debug|Any CPU
		{8A39126D-84D4-4C12-B561-0EB1551B1F2A}.Release|Any CPU.ActiveCfg = Release|Any CPU
		{8A39126D-84D4-4C12-B561-0EB1551B1F2A}.Release|Any CPU.Build.0 = Release|Any CPU
	EndGlobalSection
	GlobalSection(SolutionProperties) = preSolution
		HideSolutionNode = FALSE
	EndGlobalSection
EndGlobal
=======
﻿
Microsoft Visual Studio Solution File, Format Version 12.00
# Visual Studio 2013
VisualStudioVersion = 12.0.21005.1
MinimumVisualStudioVersion = 10.0.40219.1
Project("{F184B08F-C81C-45F6-A57F-5ABD9991F28F}") = "Semana02", "Semana02\Semana02.vbproj", "{8A39126D-84D4-4C12-B561-0EB1551B1F2A}"
EndProject
Global
	GlobalSection(SolutionConfigurationPlatforms) = preSolution
		Debug|Any CPU = Debug|Any CPU
		Release|Any CPU = Release|Any CPU
	EndGlobalSection
	GlobalSection(ProjectConfigurationPlatforms) = postSolution
		{8A39126D-84D4-4C12-B561-0EB1551B1F2A}.Debug|Any CPU.ActiveCfg = Debug|Any CPU
		{8A39126D-84D4-4C12-B561-0EB1551B1F2A}.Debug|Any CPU.Build.0 = Debug|Any CPU
		{8A39126D-84D4-4C12-B561-0EB1551B1F2A}.Release|Any CPU.ActiveCfg = Release|Any CPU
		{8A39126D-84D4-4C12-B561-0EB1551B1F2A}.Release|Any CPU.Build.0 = Release|Any CPU
	EndGlobalSection
	GlobalSection(SolutionProperties) = preSolution
		HideSolutionNode = FALSE
	EndGlobalSection
EndGlobal
>>>>>>> 64b580890980be05fe093352e7379d408227b737
